
Microsoft Visual Studio Solution File, Format Version 12.00
# Visual Studio Version 16
VisualStudioVersion = 16.0.30804.86
MinimumVisualStudioVersion = 15.0.26124.0
Project("{9A19103F-16F7-4668-BE54-9A1E7A4F7556}") = "FaceRecoAPI", "FaceRecoAPI\FaceRecoAPI.csproj", "{3FF2CC3C-8444-4D9D-95F2-45880541301D}"
EndProject
Project("{FAE04EC0-301F-11D3-BF4B-00C04F79EFBC}") = "FaceAPITest", "FaceAPITest\FaceAPITest.csproj", "{CD67A7C4-3025-4954-8252-ED6375D6F5C2}"
EndProject
Global
	GlobalSection(SolutionConfigurationPlatforms) = preSolution
		Debug|Any CPU = Debug|Any CPU
		Debug|x64 = Debug|x64
		Debug|x86 = Debug|x86
		Release|Any CPU = Release|Any CPU
		Release|x64 = Release|x64
		Release|x86 = Release|x86
	EndGlobalSection
	GlobalSection(ProjectConfigurationPlatforms) = postSolution
		{3FF2CC3C-8444-4D9D-95F2-45880541301D}.Debug|Any CPU.ActiveCfg = Debug|Any CPU
		{3FF2CC3C-8444-4D9D-95F2-45880541301D}.Debug|Any CPU.Build.0 = Debug|Any CPU
		{3FF2CC3C-8444-4D9D-95F2-45880541301D}.Debug|x64.ActiveCfg = Debug|Any CPU
		{3FF2CC3C-8444-4D9D-95F2-45880541301D}.Debug|x64.Build.0 = Debug|Any CPU
		{3FF2CC3C-8444-4D9D-95F2-45880541301D}.Debug|x86.ActiveCfg = Debug|Any CPU
		{3FF2CC3C-8444-4D9D-95F2-45880541301D}.Debug|x86.Build.0 = Debug|Any CPU
		{3FF2CC3C-8444-4D9D-95F2-45880541301D}.Release|Any CPU.ActiveCfg = Release|Any CPU
		{3FF2CC3C-8444-4D9D-95F2-45880541301D}.Release|Any CPU.Build.0 = Release|Any CPU
		{3FF2CC3C-8444-4D9D-95F2-45880541301D}.Release|x64.ActiveCfg = Release|Any CPU
		{3FF2CC3C-8444-4D9D-95F2-45880541301D}.Release|x64.Build.0 = Release|Any CPU
		{3FF2CC3C-8444-4D9D-95F2-45880541301D}.Release|x86.ActiveCfg = Release|Any CPU
		{3FF2CC3C-8444-4D9D-95F2-45880541301D}.Release|x86.Build.0 = Release|Any CPU
		{CD67A7C4-3025-4954-8252-ED6375D6F5C2}.Debug|Any CPU.ActiveCfg = Debug|Any CPU
		{CD67A7C4-3025-4954-8252-ED6375D6F5C2}.Debug|Any CPU.Build.0 = Debug|Any CPU
		{CD67A7C4-3025-4954-8252-ED6375D6F5C2}.Debug|x64.ActiveCfg = Debug|Any CPU
		{CD67A7C4-3025-4954-8252-ED6375D6F5C2}.Debug|x64.Build.0 = Debug|Any CPU
		{CD67A7C4-3025-4954-8252-ED6375D6F5C2}.Debug|x86.ActiveCfg = Debug|Any CPU
		{CD67A7C4-3025-4954-8252-ED6375D6F5C2}.Debug|x86.Build.0 = Debug|Any CPU
		{CD67A7C4-3025-4954-8252-ED6375D6F5C2}.Release|Any CPU.ActiveCfg = Release|Any CPU
		{CD67A7C4-3025-4954-8252-ED6375D6F5C2}.Release|Any CPU.Build.0 = Release|Any CPU
		{CD67A7C4-3025-4954-8252-ED6375D6F5C2}.Release|x64.ActiveCfg = Release|Any CPU
		{CD67A7C4-3025-4954-8252-ED6375D6F5C2}.Release|x64.Build.0 = Release|Any CPU
		{CD67A7C4-3025-4954-8252-ED6375D6F5C2}.Release|x86.ActiveCfg = Release|Any CPU
		{CD67A7C4-3025-4954-8252-ED6375D6F5C2}.Release|x86.Build.0 = Release|Any CPU
	EndGlobalSection
	GlobalSection(SolutionProperties) = preSolution
		HideSolutionNode = FALSE
	EndGlobalSection
	GlobalSection(ExtensibilityGlobals) = postSolution
		SolutionGuid = {1011F0BF-03F0-4B37-B9EA-88585BF0D734}
	EndGlobalSection
EndGlobal
